// !$*UTF8*$!
{
	archiveVersion = 1;
	classes = {
	};
	objectVersion = 48;
	objects = {

/* Begin PBXBuildFile section */
		020FE28D20A0511900CF4D76 /* MyTableViewController.m in Sources */ = {isa = PBXBuildFile; fileRef = 020FE28C20A0511900CF4D76 /* MyTableViewController.m */; };
		020FE29320A0560600CF4D76 /* LoginViewController.m in Sources */ = {isa = PBXBuildFile; fileRef = 020FE29220A0560600CF4D76 /* LoginViewController.m */; };
		0211D101207DFE2700E70EB9 /* Util.m in Sources */ = {isa = PBXBuildFile; fileRef = 0211D100207DFE2700E70EB9 /* Util.m */; };
		0270A3A520614D40008C68F2 /* App.m in Sources */ = {isa = PBXBuildFile; fileRef = 0270A3A420614D40008C68F2 /* App.m */; };
		02930B05209F86F5006F96B4 /* CangKuCollectionViewController.m in Sources */ = {isa = PBXBuildFile; fileRef = 02930B04209F86F5006F96B4 /* CangKuCollectionViewController.m */; };
		029C7F492067DAB300C9AB74 /* Download.m in Sources */ = {isa = PBXBuildFile; fileRef = 029C7F482067DAB300C9AB74 /* Download.m */; };
		02B2233620803879006CA8D1 /* AppTableViewCell.m in Sources */ = {isa = PBXBuildFile; fileRef = 02B2233520803879006CA8D1 /* AppTableViewCell.m */; };
		02B2233A20804A71006CA8D1 /* AppFrame.m in Sources */ = {isa = PBXBuildFile; fileRef = 02B2233920804A71006CA8D1 /* AppFrame.m */; };
		02DD5C22206780C400E6933C /* Http.m in Sources */ = {isa = PBXBuildFile; fileRef = 02DD5C21206780C400E6933C /* Http.m */; };
		02F7F63C205D54A80076245B /* AppDelegate.m in Sources */ = {isa = PBXBuildFile; fileRef = 02F7F63B205D54A80076245B /* AppDelegate.m */; };
		02F7F642205D54A80076245B /* Main.storyboard in Resources */ = {isa = PBXBuildFile; fileRef = 02F7F640205D54A80076245B /* Main.storyboard */; };
		02F7F644205D54A80076245B /* Assets.xcassets in Resources */ = {isa = PBXBuildFile; fileRef = 02F7F643205D54A80076245B /* Assets.xcassets */; };
		02F7F647205D54A80076245B /* LaunchScreen.storyboard in Resources */ = {isa = PBXBuildFile; fileRef = 02F7F645205D54A80076245B /* LaunchScreen.storyboard */; };
		02F7F64A205D54A80076245B /* main.m in Sources */ = {isa = PBXBuildFile; fileRef = 02F7F649205D54A80076245B /* main.m */; };
		02F7F654205D54A90076245B /* RuleCollectionTests.m in Sources */ = {isa = PBXBuildFile; fileRef = 02F7F653205D54A90076245B /* RuleCollectionTests.m */; };
		02F7F65F205D54A90076245B /* RuleCollectionUITests.m in Sources */ = {isa = PBXBuildFile; fileRef = 02F7F65E205D54A90076245B /* RuleCollectionUITests.m */; };
		C15BE3315F85EEA65D9E3E6C /* libPods-RuleCollection.a in Frameworks */ = {isa = PBXBuildFile; fileRef = 94C8DA25B366D6F23AE509EE /* libPods-RuleCollection.a */; };
/* End PBXBuildFile section */

/* Begin PBXContainerItemProxy section */
		02F7F650205D54A90076245B /* PBXContainerItemProxy */ = {
			isa = PBXContainerItemProxy;
			containerPortal = 02F7F62F205D54A80076245B /* Project object */;
			proxyType = 1;
			remoteGlobalIDString = 02F7F636205D54A80076245B;
			remoteInfo = RuleCollection;
		};
		02F7F65B205D54A90076245B /* PBXContainerItemProxy */ = {
			isa = PBXContainerItemProxy;
			containerPortal = 02F7F62F205D54A80076245B /* Project object */;
			proxyType = 1;
			remoteGlobalIDString = 02F7F636205D54A80076245B;
			remoteInfo = RuleCollection;
		};
/* End PBXContainerItemProxy section */

/* Begin PBXFileReference section */
		020FE28B20A0511900CF4D76 /* MyTableViewController.h */ = {isa = PBXFileReference; lastKnownFileType = sourcecode.c.h; path = MyTableViewController.h; sourceTree = "<group>"; };
		020FE28C20A0511900CF4D76 /* MyTableViewController.m */ = {isa = PBXFileReference; lastKnownFileType = sourcecode.c.objc; path = MyTableViewController.m; sourceTree = "<group>"; };
		020FE29120A0560600CF4D76 /* LoginViewController.h */ = {isa = PBXFileReference; lastKnownFileType = sourcecode.c.h; path = LoginViewController.h; sourceTree = "<group>"; };
		020FE29220A0560600CF4D76 /* LoginViewController.m */ = {isa = PBXFileReference; lastKnownFileType = sourcecode.c.objc; path = LoginViewController.m; sourceTree = "<group>"; };
		0211D0FF207DFE2700E70EB9 /* Util.h */ = {isa = PBXFileReference; lastKnownFileType = sourcecode.c.h; path = Util.h; sourceTree = "<group>"; };
		0211D100207DFE2700E70EB9 /* Util.m */ = {isa = PBXFileReference; lastKnownFileType = sourcecode.c.objc; path = Util.m; sourceTree = "<group>"; };
		0270A3A320614D40008C68F2 /* App.h */ = {isa = PBXFileReference; lastKnownFileType = sourcecode.c.h; path = App.h; sourceTree = "<group>"; };
		0270A3A420614D40008C68F2 /* App.m */ = {isa = PBXFileReference; lastKnownFileType = sourcecode.c.objc; path = App.m; sourceTree = "<group>"; };
		02930B03209F86F5006F96B4 /* CangKuCollectionViewController.h */ = {isa = PBXFileReference; lastKnownFileType = sourcecode.c.h; path = CangKuCollectionViewController.h; sourceTree = "<group>"; };
		02930B04209F86F5006F96B4 /* CangKuCollectionViewController.m */ = {isa = PBXFileReference; lastKnownFileType = sourcecode.c.objc; path = CangKuCollectionViewController.m; sourceTree = "<group>"; };
		029C7F472067DAB300C9AB74 /* Download.h */ = {isa = PBXFileReference; lastKnownFileType = sourcecode.c.h; path = Download.h; sourceTree = "<group>"; };
		029C7F482067DAB300C9AB74 /* Download.m */ = {isa = PBXFileReference; lastKnownFileType = sourcecode.c.objc; path = Download.m; sourceTree = "<group>"; };
		02B2233420803879006CA8D1 /* AppTableViewCell.h */ = {isa = PBXFileReference; lastKnownFileType = sourcecode.c.h; path = AppTableViewCell.h; sourceTree = "<group>"; };
		02B2233520803879006CA8D1 /* AppTableViewCell.m */ = {isa = PBXFileReference; lastKnownFileType = sourcecode.c.objc; path = AppTableViewCell.m; sourceTree = "<group>"; };
		02B2233820804A71006CA8D1 /* AppFrame.h */ = {isa = PBXFileReference; lastKnownFileType = sourcecode.c.h; path = AppFrame.h; sourceTree = "<group>"; };
		02B2233920804A71006CA8D1 /* AppFrame.m */ = {isa = PBXFileReference; lastKnownFileType = sourcecode.c.objc; path = AppFrame.m; sourceTree = "<group>"; };
		02DD5C20206780C400E6933C /* Http.h */ = {isa = PBXFileReference; lastKnownFileType = sourcecode.c.h; path = Http.h; sourceTree = "<group>"; };
		02DD5C21206780C400E6933C /* Http.m */ = {isa = PBXFileReference; lastKnownFileType = sourcecode.c.objc; path = Http.m; sourceTree = "<group>"; };
		02DD5C23206785C800E6933C /* PrefixHeader.pch */ = {isa = PBXFileReference; lastKnownFileType = sourcecode.c.h; path = PrefixHeader.pch; sourceTree = "<group>"; };
		02F7F637205D54A80076245B /* Rule Collection.app */ = {isa = PBXFileReference; explicitFileType = wrapper.application; includeInIndex = 0; name = "Rule Collection.app"; path = "规则仓库.app"; sourceTree = BUILT_PRODUCTS_DIR; };
		02F7F63A205D54A80076245B /* AppDelegate.h */ = {isa = PBXFileReference; lastKnownFileType = sourcecode.c.h; path = AppDelegate.h; sourceTree = "<group>"; };
		02F7F63B205D54A80076245B /* AppDelegate.m */ = {isa = PBXFileReference; lastKnownFileType = sourcecode.c.objc; path = AppDelegate.m; sourceTree = "<group>"; };
		02F7F641205D54A80076245B /* Base */ = {isa = PBXFileReference; lastKnownFileType = file.storyboard; name = Base; path = Base.lproj/Main.storyboard; sourceTree = "<group>"; };
		02F7F643205D54A80076245B /* Assets.xcassets */ = {isa = PBXFileReference; lastKnownFileType = folder.assetcatalog; path = Assets.xcassets; sourceTree = "<group>"; };
		02F7F646205D54A80076245B /* Base */ = {isa = PBXFileReference; lastKnownFileType = file.storyboard; name = Base; path = Base.lproj/LaunchScreen.storyboard; sourceTree = "<group>"; };
		02F7F648205D54A80076245B /* Info.plist */ = {isa = PBXFileReference; lastKnownFileType = text.plist.xml; path = Info.plist; sourceTree = "<group>"; };
		02F7F649205D54A80076245B /* main.m */ = {isa = PBXFileReference; lastKnownFileType = sourcecode.c.objc; path = main.m; sourceTree = "<group>"; };
		02F7F64F205D54A90076245B /* RuleCollectionTests.xctest */ = {isa = PBXFileReference; explicitFileType = wrapper.cfbundle; includeInIndex = 0; path = RuleCollectionTests.xctest; sourceTree = BUILT_PRODUCTS_DIR; };
		02F7F653205D54A90076245B /* RuleCollectionTests.m */ = {isa = PBXFileReference; lastKnownFileType = sourcecode.c.objc; path = RuleCollectionTests.m; sourceTree = "<group>"; };
		02F7F655205D54A90076245B /* Info.plist */ = {isa = PBXFileReference; lastKnownFileType = text.plist.xml; path = Info.plist; sourceTree = "<group>"; };
		02F7F65A205D54A90076245B /* RuleCollectionUITests.xctest */ = {isa = PBXFileReference; explicitFileType = wrapper.cfbundle; includeInIndex = 0; path = RuleCollectionUITests.xctest; sourceTree = BUILT_PRODUCTS_DIR; };
		02F7F65E205D54A90076245B /* RuleCollectionUITests.m */ = {isa = PBXFileReference; lastKnownFileType = sourcecode.c.objc; path = RuleCollectionUITests.m; sourceTree = "<group>"; };
		02F7F660205D54A90076245B /* Info.plist */ = {isa = PBXFileReference; lastKnownFileType = text.plist.xml; path = Info.plist; sourceTree = "<group>"; };
		47366F85477FAFC159DE03C8 /* Pods-RuleCollection.debug.xcconfig */ = {isa = PBXFileReference; includeInIndex = 1; lastKnownFileType = text.xcconfig; name = "Pods-RuleCollection.debug.xcconfig"; path = "Pods/Target Support Files/Pods-RuleCollection/Pods-RuleCollection.debug.xcconfig"; sourceTree = "<group>"; };
		80F6ECDE2EFAB839842F89AA /* Pods-RuleCollection.release.xcconfig */ = {isa = PBXFileReference; includeInIndex = 1; lastKnownFileType = text.xcconfig; name = "Pods-RuleCollection.release.xcconfig"; path = "Pods/Target Support Files/Pods-RuleCollection/Pods-RuleCollection.release.xcconfig"; sourceTree = "<group>"; };
		94C8DA25B366D6F23AE509EE /* libPods-RuleCollection.a */ = {isa = PBXFileReference; explicitFileType = archive.ar; includeInIndex = 0; path = "libPods-RuleCollection.a"; sourceTree = BUILT_PRODUCTS_DIR; };
/* End PBXFileReference section */

/* Begin PBXFrameworksBuildPhase section */
		02F7F634205D54A80076245B /* Frameworks */ = {
			isa = PBXFrameworksBuildPhase;
			buildActionMask = 2147483647;
			files = (
				C15BE3315F85EEA65D9E3E6C /* libPods-RuleCollection.a in Frameworks */,
			);
			runOnlyForDeploymentPostprocessing = 0;
		};
		02F7F64C205D54A90076245B /* Frameworks */ = {
			isa = PBXFrameworksBuildPhase;
			buildActionMask = 2147483647;
			files = (
			);
			runOnlyForDeploymentPostprocessing = 0;
		};
		02F7F657205D54A90076245B /* Frameworks */ = {
			isa = PBXFrameworksBuildPhase;
			buildActionMask = 2147483647;
			files = (
			);
			runOnlyForDeploymentPostprocessing = 0;
		};
/* End PBXFrameworksBuildPhase section */

/* Begin PBXGroup section */
		0211D0FE207DFE0C00E70EB9 /* Utils */ = {
			isa = PBXGroup;
			children = (
				0211D0FF207DFE2700E70EB9 /* Util.h */,
				0211D100207DFE2700E70EB9 /* Util.m */,
			);
			path = Utils;
			sourceTree = "<group>";
		};
		0270A3A62061575E008C68F2 /* Controllers */ = {
			isa = PBXGroup;
			children = (
				02930B03209F86F5006F96B4 /* CangKuCollectionViewController.h */,
				02930B04209F86F5006F96B4 /* CangKuCollectionViewController.m */,
				020FE28B20A0511900CF4D76 /* MyTableViewController.h */,
				020FE28C20A0511900CF4D76 /* MyTableViewController.m */,
				020FE29120A0560600CF4D76 /* LoginViewController.h */,
				020FE29220A0560600CF4D76 /* LoginViewController.m */,
			);
			path = Controllers;
			sourceTree = "<group>";
		};
		0270A3A72061578F008C68F2 /* Views */ = {
			isa = PBXGroup;
			children = (
				02F7F645205D54A80076245B /* LaunchScreen.storyboard */,
				02F7F640205D54A80076245B /* Main.storyboard */,
				02B2233420803879006CA8D1 /* AppTableViewCell.h */,
				02B2233520803879006CA8D1 /* AppTableViewCell.m */,
			);
			path = Views;
			sourceTree = "<group>";
		};
		0270A3A8206157BB008C68F2 /* Models */ = {
			isa = PBXGroup;
			children = (
				0270A3A320614D40008C68F2 /* App.h */,
				0270A3A420614D40008C68F2 /* App.m */,
				029C7F472067DAB300C9AB74 /* Download.h */,
				029C7F482067DAB300C9AB74 /* Download.m */,
				02B2233820804A71006CA8D1 /* AppFrame.h */,
				02B2233920804A71006CA8D1 /* AppFrame.m */,
			);
			path = Models;
			sourceTree = "<group>";
		};
		0270A3A9206157D3008C68F2 /* Others */ = {
			isa = PBXGroup;
			children = (
				02F7F63A205D54A80076245B /* AppDelegate.h */,
				02F7F63B205D54A80076245B /* AppDelegate.m */,
			);
			path = Others;
			sourceTree = "<group>";
		};
		02DD5C1F206780A500E6933C /* HTTP */ = {
			isa = PBXGroup;
			children = (
				02DD5C20206780C400E6933C /* Http.h */,
				02DD5C21206780C400E6933C /* Http.m */,
			);
			path = HTTP;
			sourceTree = "<group>";
		};
		02F7F62E205D54A80076245B = {
			isa = PBXGroup;
			children = (
				02F7F639205D54A80076245B /* RuleCollection */,
				02F7F652205D54A90076245B /* RuleCollectionTests */,
				02F7F65D205D54A90076245B /* RuleCollectionUITests */,
				02F7F638205D54A80076245B /* Products */,
				EA9392FA181EDF9ADDD4FBBC /* Pods */,
				38EA714F0348655705A54CF1 /* Frameworks */,
			);
			sourceTree = "<group>";
		};
		02F7F638205D54A80076245B /* Products */ = {
			isa = PBXGroup;
			children = (
				02F7F637205D54A80076245B /* Rule Collection.app */,
				02F7F64F205D54A90076245B /* RuleCollectionTests.xctest */,
				02F7F65A205D54A90076245B /* RuleCollectionUITests.xctest */,
			);
			name = Products;
			sourceTree = "<group>";
		};
		02F7F639205D54A80076245B /* RuleCollection */ = {
			isa = PBXGroup;
			children = (
				0211D0FE207DFE0C00E70EB9 /* Utils */,
				02DD5C1F206780A500E6933C /* HTTP */,
				0270A3A62061575E008C68F2 /* Controllers */,
				0270A3A72061578F008C68F2 /* Views */,
				0270A3A8206157BB008C68F2 /* Models */,
				0270A3A9206157D3008C68F2 /* Others */,
				02F7F643205D54A80076245B /* Assets.xcassets */,
				02F7F648205D54A80076245B /* Info.plist */,
				02F7F649205D54A80076245B /* main.m */,
				02DD5C23206785C800E6933C /* PrefixHeader.pch */,
			);
			path = RuleCollection;
			sourceTree = "<group>";
		};
		02F7F652205D54A90076245B /* RuleCollectionTests */ = {
			isa = PBXGroup;
			children = (
				02F7F653205D54A90076245B /* RuleCollectionTests.m */,
				02F7F655205D54A90076245B /* Info.plist */,
			);
			path = RuleCollectionTests;
			sourceTree = "<group>";
		};
		02F7F65D205D54A90076245B /* RuleCollectionUITests */ = {
			isa = PBXGroup;
			children = (
				02F7F65E205D54A90076245B /* RuleCollectionUITests.m */,
				02F7F660205D54A90076245B /* Info.plist */,
			);
			path = RuleCollectionUITests;
			sourceTree = "<group>";
		};
		38EA714F0348655705A54CF1 /* Frameworks */ = {
			isa = PBXGroup;
			children = (
				94C8DA25B366D6F23AE509EE /* libPods-RuleCollection.a */,
			);
			name = Frameworks;
			sourceTree = "<group>";
		};
		EA9392FA181EDF9ADDD4FBBC /* Pods */ = {
			isa = PBXGroup;
			children = (
				47366F85477FAFC159DE03C8 /* Pods-RuleCollection.debug.xcconfig */,
				80F6ECDE2EFAB839842F89AA /* Pods-RuleCollection.release.xcconfig */,
			);
			name = Pods;
			sourceTree = "<group>";
		};
/* End PBXGroup section */

/* Begin PBXNativeTarget section */
		02F7F636205D54A80076245B /* RuleCollection */ = {
			isa = PBXNativeTarget;
			buildConfigurationList = 02F7F663205D54A90076245B /* Build configuration list for PBXNativeTarget "RuleCollection" */;
			buildPhases = (
				34432851D305D31D6D37E7F8 /* [CP] Check Pods Manifest.lock */,
				02F7F633205D54A80076245B /* Sources */,
				02F7F634205D54A80076245B /* Frameworks */,
				02F7F635205D54A80076245B /* Resources */,
				600E64320110CCECA1AE6FD2 /* [CP] Embed Pods Frameworks */,
				0BD19EC9E66A3842DA5797A8 /* [CP] Copy Pods Resources */,
			);
			buildRules = (
			);
			dependencies = (
			);
			name = RuleCollection;
			productName = RuleCollection;
			productReference = 02F7F637205D54A80076245B /* Rule Collection.app */;
			productType = "com.apple.product-type.application";
		};
		02F7F64E205D54A90076245B /* RuleCollectionTests */ = {
			isa = PBXNativeTarget;
			buildConfigurationList = 02F7F666205D54A90076245B /* Build configuration list for PBXNativeTarget "RuleCollectionTests" */;
			buildPhases = (
				02F7F64B205D54A90076245B /* Sources */,
				02F7F64C205D54A90076245B /* Frameworks */,
				02F7F64D205D54A90076245B /* Resources */,
			);
			buildRules = (
			);
			dependencies = (
				02F7F651205D54A90076245B /* PBXTargetDependency */,
			);
			name = RuleCollectionTests;
			productName = RuleCollectionTests;
			productReference = 02F7F64F205D54A90076245B /* RuleCollectionTests.xctest */;
			productType = "com.apple.product-type.bundle.unit-test";
		};
		02F7F659205D54A90076245B /* RuleCollectionUITests */ = {
			isa = PBXNativeTarget;
			buildConfigurationList = 02F7F669205D54A90076245B /* Build configuration list for PBXNativeTarget "RuleCollectionUITests" */;
			buildPhases = (
				02F7F656205D54A90076245B /* Sources */,
				02F7F657205D54A90076245B /* Frameworks */,
				02F7F658205D54A90076245B /* Resources */,
			);
			buildRules = (
			);
			dependencies = (
				02F7F65C205D54A90076245B /* PBXTargetDependency */,
			);
			name = RuleCollectionUITests;
			productName = RuleCollectionUITests;
			productReference = 02F7F65A205D54A90076245B /* RuleCollectionUITests.xctest */;
			productType = "com.apple.product-type.bundle.ui-testing";
		};
/* End PBXNativeTarget section */

/* Begin PBXProject section */
		02F7F62F205D54A80076245B /* Project object */ = {
			isa = PBXProject;
			attributes = {
				LastUpgradeCheck = 0920;
				ORGANIZATIONNAME = moxcomic;
				TargetAttributes = {
					02F7F636205D54A80076245B = {
						CreatedOnToolsVersion = 9.2;
						ProvisioningStyle = Automatic;
					};
					02F7F64E205D54A90076245B = {
						CreatedOnToolsVersion = 9.2;
						ProvisioningStyle = Automatic;
						TestTargetID = 02F7F636205D54A80076245B;
					};
					02F7F659205D54A90076245B = {
						CreatedOnToolsVersion = 9.2;
						ProvisioningStyle = Automatic;
						TestTargetID = 02F7F636205D54A80076245B;
					};
				};
			};
			buildConfigurationList = 02F7F632205D54A80076245B /* Build configuration list for PBXProject "RuleCollection" */;
			compatibilityVersion = "Xcode 8.0";
			developmentRegion = en;
			hasScannedForEncodings = 0;
			knownRegions = (
				en,
				Base,
			);
			mainGroup = 02F7F62E205D54A80076245B;
			productRefGroup = 02F7F638205D54A80076245B /* Products */;
			projectDirPath = "";
			projectRoot = "";
			targets = (
				02F7F636205D54A80076245B /* RuleCollection */,
				02F7F64E205D54A90076245B /* RuleCollectionTests */,
				02F7F659205D54A90076245B /* RuleCollectionUITests */,
			);
		};
/* End PBXProject section */

/* Begin PBXResourcesBuildPhase section */
		02F7F635205D54A80076245B /* Resources */ = {
			isa = PBXResourcesBuildPhase;
			buildActionMask = 2147483647;
			files = (
				02F7F647205D54A80076245B /* LaunchScreen.storyboard in Resources */,
				02F7F644205D54A80076245B /* Assets.xcassets in Resources */,
				02F7F642205D54A80076245B /* Main.storyboard in Resources */,
			);
			runOnlyForDeploymentPostprocessing = 0;
		};
		02F7F64D205D54A90076245B /* Resources */ = {
			isa = PBXResourcesBuildPhase;
			buildActionMask = 2147483647;
			files = (
			);
			runOnlyForDeploymentPostprocessing = 0;
		};
		02F7F658205D54A90076245B /* Resources */ = {
			isa = PBXResourcesBuildPhase;
			buildActionMask = 2147483647;
			files = (
			);
			runOnlyForDeploymentPostprocessing = 0;
		};
/* End PBXResourcesBuildPhase section */

/* Begin PBXShellScriptBuildPhase section */
		0BD19EC9E66A3842DA5797A8 /* [CP] Copy Pods Resources */ = {
			isa = PBXShellScriptBuildPhase;
			buildActionMask = 2147483647;
			files = (
			);
			inputPaths = (
				"${SRCROOT}/Pods/Target Support Files/Pods-RuleCollection/Pods-RuleCollection-resources.sh",
				"${PODS_CONFIGURATION_BUILD_DIR}/FFToast/FFToast.bundle",
				"${PODS_ROOT}/IQKeyboardManager/IQKeyboardManager/Resources/IQKeyboardManager.bundle",
				"${PODS_ROOT}/MJRefresh/MJRefresh/MJRefresh.bundle",
				"${PODS_ROOT}/SAMKeychain/Support/SAMKeychain.bundle",
			);
			name = "[CP] Copy Pods Resources";
			outputPaths = (
				"${TARGET_BUILD_DIR}/${UNLOCALIZED_RESOURCES_FOLDER_PATH}/FFToast.bundle",
				"${TARGET_BUILD_DIR}/${UNLOCALIZED_RESOURCES_FOLDER_PATH}/IQKeyboardManager.bundle",
				"${TARGET_BUILD_DIR}/${UNLOCALIZED_RESOURCES_FOLDER_PATH}/MJRefresh.bundle",
				"${TARGET_BUILD_DIR}/${UNLOCALIZED_RESOURCES_FOLDER_PATH}/SAMKeychain.bundle",
			);
			runOnlyForDeploymentPostprocessing = 0;
			shellPath = /bin/sh;
			shellScript = "\"${SRCROOT}/Pods/Target Support Files/Pods-RuleCollection/Pods-RuleCollection-resources.sh\"\n";
			showEnvVarsInLog = 0;
		};
		34432851D305D31D6D37E7F8 /* [CP] Check Pods Manifest.lock */ = {
			isa = PBXShellScriptBuildPhase;
			buildActionMask = 2147483647;
			files = (
			);
			inputPaths = (
				"${PODS_PODFILE_DIR_PATH}/Podfile.lock",
				"${PODS_ROOT}/Manifest.lock",
			);
			name = "[CP] Check Pods Manifest.lock";
			outputPaths = (
				"$(DERIVED_FILE_DIR)/Pods-RuleCollection-checkManifestLockResult.txt",
			);
			runOnlyForDeploymentPostprocessing = 0;
			shellPath = /bin/sh;
			shellScript = "diff \"${PODS_PODFILE_DIR_PATH}/Podfile.lock\" \"${PODS_ROOT}/Manifest.lock\" > /dev/null\nif [ $? != 0 ] ; then\n    # print error to STDERR\n    echo \"error: The sandbox is not in sync with the Podfile.lock. Run 'pod install' or update your CocoaPods installation.\" >&2\n    exit 1\nfi\n# This output is used by Xcode 'outputs' to avoid re-running this script phase.\necho \"SUCCESS\" > \"${SCRIPT_OUTPUT_FILE_0}\"\n";
			showEnvVarsInLog = 0;
		};
		600E64320110CCECA1AE6FD2 /* [CP] Embed Pods Frameworks */ = {
			isa = PBXShellScriptBuildPhase;
			buildActionMask = 2147483647;
			files = (
			);
			inputPaths = (
			);
			name = "[CP] Embed Pods Frameworks";
			outputPaths = (
			);
			runOnlyForDeploymentPostprocessing = 0;
			shellPath = /bin/sh;
			shellScript = "\"${SRCROOT}/Pods/Target Support Files/Pods-RuleCollection/Pods-RuleCollection-frameworks.sh\"\n";
			showEnvVarsInLog = 0;
		};
/* End PBXShellScriptBuildPhase section */

/* Begin PBXSourcesBuildPhase section */
		02F7F633205D54A80076245B /* Sources */ = {
			isa = PBXSourcesBuildPhase;
			buildActionMask = 2147483647;
			files = (
				0270A3A520614D40008C68F2 /* App.m in Sources */,
				020FE28D20A0511900CF4D76 /* MyTableViewController.m in Sources */,
				02DD5C22206780C400E6933C /* Http.m in Sources */,
				029C7F492067DAB300C9AB74 /* Download.m in Sources */,
				02B2233A20804A71006CA8D1 /* AppFrame.m in Sources */,
				02F7F64A205D54A80076245B /* main.m in Sources */,
				02F7F63C205D54A80076245B /* AppDelegate.m in Sources */,
				0211D101207DFE2700E70EB9 /* Util.m in Sources */,
				02930B05209F86F5006F96B4 /* CangKuCollectionViewController.m in Sources */,
				020FE29320A0560600CF4D76 /* LoginViewController.m in Sources */,
				02B2233620803879006CA8D1 /* AppTableViewCell.m in Sources */,
			);
			runOnlyForDeploymentPostprocessing = 0;
		};
		02F7F64B205D54A90076245B /* Sources */ = {
			isa = PBXSourcesBuildPhase;
			buildActionMask = 2147483647;
			files = (
				02F7F654205D54A90076245B /* RuleCollectionTests.m in Sources */,
			);
			runOnlyForDeploymentPostprocessing = 0;
		};
		02F7F656205D54A90076245B /* Sources */ = {
			isa = PBXSourcesBuildPhase;
			buildActionMask = 2147483647;
			files = (
				02F7F65F205D54A90076245B /* RuleCollectionUITests.m in Sources */,
			);
			runOnlyForDeploymentPostprocessing = 0;
		};
/* End PBXSourcesBuildPhase section */

/* Begin PBXTargetDependency section */
		02F7F651205D54A90076245B /* PBXTargetDependency */ = {
			isa = PBXTargetDependency;
			target = 02F7F636205D54A80076245B /* RuleCollection */;
			targetProxy = 02F7F650205D54A90076245B /* PBXContainerItemProxy */;
		};
		02F7F65C205D54A90076245B /* PBXTargetDependency */ = {
			isa = PBXTargetDependency;
			target = 02F7F636205D54A80076245B /* RuleCollection */;
			targetProxy = 02F7F65B205D54A90076245B /* PBXContainerItemProxy */;
		};
/* End PBXTargetDependency section */

/* Begin PBXVariantGroup section */
		02F7F640205D54A80076245B /* Main.storyboard */ = {
			isa = PBXVariantGroup;
			children = (
				02F7F641205D54A80076245B /* Base */,
			);
			name = Main.storyboard;
			sourceTree = "<group>";
		};
		02F7F645205D54A80076245B /* LaunchScreen.storyboard */ = {
			isa = PBXVariantGroup;
			children = (
				02F7F646205D54A80076245B /* Base */,
			);
			name = LaunchScreen.storyboard;
			sourceTree = "<group>";
		};
/* End PBXVariantGroup section */

/* Begin XCBuildConfiguration section */
		02F7F661205D54A90076245B /* Debug */ = {
			isa = XCBuildConfiguration;
			buildSettings = {
				ALWAYS_SEARCH_USER_PATHS = NO;
				CLANG_ANALYZER_NONNULL = YES;
				CLANG_ANALYZER_NUMBER_OBJECT_CONVERSION = YES_AGGRESSIVE;
				CLANG_CXX_LANGUAGE_STANDARD = "gnu++14";
				CLANG_CXX_LIBRARY = "libc++";
				CLANG_ENABLE_MODULES = YES;
				CLANG_ENABLE_OBJC_ARC = YES;
				CLANG_WARN_BLOCK_CAPTURE_AUTORELEASING = YES;
				CLANG_WARN_BOOL_CONVERSION = YES;
				CLANG_WARN_COMMA = YES;
				CLANG_WARN_CONSTANT_CONVERSION = YES;
				CLANG_WARN_DIRECT_OBJC_ISA_USAGE = YES_ERROR;
				CLANG_WARN_DOCUMENTATION_COMMENTS = YES;
				CLANG_WARN_EMPTY_BODY = YES;
				CLANG_WARN_ENUM_CONVERSION = YES;
				CLANG_WARN_INFINITE_RECURSION = YES;
				CLANG_WARN_INT_CONVERSION = YES;
				CLANG_WARN_NON_LITERAL_NULL_CONVERSION = YES;
				CLANG_WARN_OBJC_LITERAL_CONVERSION = YES;
				CLANG_WARN_OBJC_ROOT_CLASS = YES_ERROR;
				CLANG_WARN_RANGE_LOOP_ANALYSIS = YES;
				CLANG_WARN_STRICT_PROTOTYPES = YES;
				CLANG_WARN_SUSPICIOUS_MOVE = YES;
				CLANG_WARN_UNGUARDED_AVAILABILITY = YES_AGGRESSIVE;
				CLANG_WARN_UNREACHABLE_CODE = YES;
				CLANG_WARN__DUPLICATE_METHOD_MATCH = YES;
				CODE_SIGN_IDENTITY = "iPhone Developer";
				COPY_PHASE_STRIP = NO;
				DEBUG_INFORMATION_FORMAT = dwarf;
				ENABLE_STRICT_OBJC_MSGSEND = YES;
				ENABLE_TESTABILITY = YES;
				GCC_C_LANGUAGE_STANDARD = gnu11;
				GCC_DYNAMIC_NO_PIC = NO;
				GCC_NO_COMMON_BLOCKS = YES;
				GCC_OPTIMIZATION_LEVEL = 0;
				GCC_PREPROCESSOR_DEFINITIONS = (
					"DEBUG=1",
					"$(inherited)",
				);
				GCC_WARN_64_TO_32_BIT_CONVERSION = YES;
				GCC_WARN_ABOUT_RETURN_TYPE = YES_ERROR;
				GCC_WARN_UNDECLARED_SELECTOR = YES;
				GCC_WARN_UNINITIALIZED_AUTOS = YES_AGGRESSIVE;
				GCC_WARN_UNUSED_FUNCTION = YES;
				GCC_WARN_UNUSED_VARIABLE = YES;
				IPHONEOS_DEPLOYMENT_TARGET = 11.3;
				MTL_ENABLE_DEBUG_INFO = YES;
				ONLY_ACTIVE_ARCH = YES;
				SDKROOT = iphoneos;
			};
			name = Debug;
		};
		02F7F662205D54A90076245B /* Release */ = {
			isa = XCBuildConfiguration;
			buildSettings = {
				ALWAYS_SEARCH_USER_PATHS = NO;
				CLANG_ANALYZER_NONNULL = YES;
				CLANG_ANALYZER_NUMBER_OBJECT_CONVERSION = YES_AGGRESSIVE;
				CLANG_CXX_LANGUAGE_STANDARD = "gnu++14";
				CLANG_CXX_LIBRARY = "libc++";
				CLANG_ENABLE_MODULES = YES;
				CLANG_ENABLE_OBJC_ARC = YES;
				CLANG_WARN_BLOCK_CAPTURE_AUTORELEASING = YES;
				CLANG_WARN_BOOL_CONVERSION = YES;
				CLANG_WARN_COMMA = YES;
				CLANG_WARN_CONSTANT_CONVERSION = YES;
				CLANG_WARN_DIRECT_OBJC_ISA_USAGE = YES_ERROR;
				CLANG_WARN_DOCUMENTATION_COMMENTS = YES;
				CLANG_WARN_EMPTY_BODY = YES;
				CLANG_WARN_ENUM_CONVERSION = YES;
				CLANG_WARN_INFINITE_RECURSION = YES;
				CLANG_WARN_INT_CONVERSION = YES;
				CLANG_WARN_NON_LITERAL_NULL_CONVERSION = YES;
				CLANG_WARN_OBJC_LITERAL_CONVERSION = YES;
				CLANG_WARN_OBJC_ROOT_CLASS = YES_ERROR;
				CLANG_WARN_RANGE_LOOP_ANALYSIS = YES;
				CLANG_WARN_STRICT_PROTOTYPES = YES;
				CLANG_WARN_SUSPICIOUS_MOVE = YES;
				CLANG_WARN_UNGUARDED_AVAILABILITY = YES_AGGRESSIVE;
				CLANG_WARN_UNREACHABLE_CODE = YES;
				CLANG_WARN__DUPLICATE_METHOD_MATCH = YES;
				CODE_SIGN_IDENTITY = "iPhone Developer";
				COPY_PHASE_STRIP = NO;
				DEBUG_INFORMATION_FORMAT = "dwarf-with-dsym";
				ENABLE_NS_ASSERTIONS = NO;
				ENABLE_STRICT_OBJC_MSGSEND = YES;
				GCC_C_LANGUAGE_STANDARD = gnu11;
				GCC_NO_COMMON_BLOCKS = YES;
				GCC_WARN_64_TO_32_BIT_CONVERSION = YES;
				GCC_WARN_ABOUT_RETURN_TYPE = YES_ERROR;
				GCC_WARN_UNDECLARED_SELECTOR = YES;
				GCC_WARN_UNINITIALIZED_AUTOS = YES_AGGRESSIVE;
				GCC_WARN_UNUSED_FUNCTION = YES;
				GCC_WARN_UNUSED_VARIABLE = YES;
				IPHONEOS_DEPLOYMENT_TARGET = 11.3;
				MTL_ENABLE_DEBUG_INFO = NO;
				SDKROOT = iphoneos;
				VALIDATE_PRODUCT = YES;
			};
			name = Release;
		};
		02F7F664205D54A90076245B /* Debug */ = {
			isa = XCBuildConfiguration;
			baseConfigurationReference = 47366F85477FAFC159DE03C8 /* Pods-RuleCollection.debug.xcconfig */;
			buildSettings = {
				ASSETCATALOG_COMPILER_APPICON_NAME = AppIcon;
				CODE_SIGN_STYLE = Automatic;
				DEVELOPMENT_TEAM = CU8H9UQL9A;
				GCC_PREFIX_HEADER = "$(SRCROOT)/RuleCollection/PrefixHeader.pch";
				INFOPLIST_FILE = RuleCollection/Info.plist;
				IPHONEOS_DEPLOYMENT_TARGET = 9.0;
				LD_RUNPATH_SEARCH_PATHS = "$(inherited) @executable_path/Frameworks";
				PRODUCT_BUNDLE_IDENTIFIER = com.moxcomic.RuleDepot;
				PRODUCT_NAME = "规则仓库";
				TARGETED_DEVICE_FAMILY = 1;
			};
			name = Debug;
		};
		02F7F665205D54A90076245B /* Release */ = {
			isa = XCBuildConfiguration;
			baseConfigurationReference = 80F6ECDE2EFAB839842F89AA /* Pods-RuleCollection.release.xcconfig */;
			buildSettings = {
				ASSETCATALOG_COMPILER_APPICON_NAME = AppIcon;
				CODE_SIGN_STYLE = Automatic;
				DEVELOPMENT_TEAM = CU8H9UQL9A;
				GCC_PREFIX_HEADER = "$(SRCROOT)/RuleCollection/PrefixHeader.pch";
				INFOPLIST_FILE = RuleCollection/Info.plist;
				IPHONEOS_DEPLOYMENT_TARGET = 9.0;
				LD_RUNPATH_SEARCH_PATHS = "$(inherited) @executable_path/Frameworks";
				PRODUCT_BUNDLE_IDENTIFIER = com.moxcomic.RuleDepot;
				PRODUCT_NAME = "规则仓库";
				TARGETED_DEVICE_FAMILY = 1;
			};
			name = Release;
		};
		02F7F667205D54A90076245B /* Debug */ = {
			isa = XCBuildConfiguration;
			buildSettings = {
				BUNDLE_LOADER = "$(TEST_HOST)";
				CODE_SIGN_STYLE = Automatic;
				INFOPLIST_FILE = RuleCollectionTests/Info.plist;
				LD_RUNPATH_SEARCH_PATHS = "$(inherited) @executable_path/Frameworks @loader_path/Frameworks";
				PRODUCT_BUNDLE_IDENTIFIER = com.moxcomic.RuleCollectionTests;
				PRODUCT_NAME = "$(TARGET_NAME)";
				TARGETED_DEVICE_FAMILY = "1,2";
				TEST_HOST = "$(BUILT_PRODUCTS_DIR)/RuleCollection.app/RuleCollection";
			};
			name = Debug;
		};
		02F7F668205D54A90076245B /* Release */ = {
			isa = XCBuildConfiguration;
			buildSettings = {
				BUNDLE_LOADER = "$(TEST_HOST)";
				CODE_SIGN_STYLE = Automatic;
				INFOPLIST_FILE = RuleCollectionTests/Info.plist;
				LD_RUNPATH_SEARCH_PATHS = "$(inherited) @executable_path/Frameworks @loader_path/Frameworks";
				PRODUCT_BUNDLE_IDENTIFIER = com.moxcomic.RuleCollectionTests;
				PRODUCT_NAME = "$(TARGET_NAME)";
				TARGETED_DEVICE_FAMILY = "1,2";
				TEST_HOST = "$(BUILT_PRODUCTS_DIR)/RuleCollection.app/RuleCollection";
			};
			name = Release;
		};
		02F7F66A205D54A90076245B /* Debug */ = {
			isa = XCBuildConfiguration;
			buildSettings = {
				CODE_SIGN_STYLE = Automatic;
				INFOPLIST_FILE = RuleCollectionUITests/Info.plist;
				LD_RUNPATH_SEARCH_PATHS = "$(inherited) @executable_path/Frameworks @loader_path/Frameworks";
				PRODUCT_BUNDLE_IDENTIFIER = com.moxcomic.RuleCollectionUITests;
				PRODUCT_NAME = "$(TARGET_NAME)";
				TARGETED_DEVICE_FAMILY = "1,2";
				TEST_TARGET_NAME = RuleCollection;
			};
			name = Debug;
		};
		02F7F66B205D54A90076245B /* Release */ = {
			isa = XCBuildConfiguration;
			buildSettings = {
				CODE_SIGN_STYLE = Automatic;
				INFOPLIST_FILE = RuleCollectionUITests/Info.plist;
				LD_RUNPATH_SEARCH_PATHS = "$(inherited) @executable_path/Frameworks @loader_path/Frameworks";
				PRODUCT_BUNDLE_IDENTIFIER = com.moxcomic.RuleCollectionUITests;
				PRODUCT_NAME = "$(TARGET_NAME)";
				TARGETED_DEVICE_FAMILY = "1,2";
				TEST_TARGET_NAME = RuleCollection;
			};
			name = Release;
		};
/* End XCBuildConfiguration section */

/* Begin XCConfigurationList section */
		02F7F632205D54A80076245B /* Build configuration list for PBXProject "RuleCollection" */ = {
			isa = XCConfigurationList;
			buildConfigurations = (
				02F7F661205D54A90076245B /* Debug */,
				02F7F662205D54A90076245B /* Release */,
			);
			defaultConfigurationIsVisible = 0;
			defaultConfigurationName = Release;
		};
		02F7F663205D54A90076245B /* Build configuration list for PBXNativeTarget "RuleCollection" */ = {
			isa = XCConfigurationList;
			buildConfigurations = (
				02F7F664205D54A90076245B /* Debug */,
				02F7F665205D54A90076245B /* Release */,
			);
			defaultConfigurationIsVisible = 0;
			defaultConfigurationName = Release;
		};
		02F7F666205D54A90076245B /* Build configuration list for PBXNativeTarget "RuleCollectionTests" */ = {
			isa = XCConfigurationList;
			buildConfigurations = (
				02F7F667205D54A90076245B /* Debug */,
				02F7F668205D54A90076245B /* Release */,
			);
			defaultConfigurationIsVisible = 0;
			defaultConfigurationName = Release;
		};
		02F7F669205D54A90076245B /* Build configuration list for PBXNativeTarget "RuleCollectionUITests" */ = {
			isa = XCConfigurationList;
			buildConfigurations = (
				02F7F66A205D54A90076245B /* Debug */,
				02F7F66B205D54A90076245B /* Release */,
			);
			defaultConfigurationIsVisible = 0;
			defaultConfigurationName = Release;
		};
/* End XCConfigurationList section */
	};
	rootObject = 02F7F62F205D54A80076245B /* Project object */;
}
